
Microsoft Visual Studio Solution File, Format Version 12.00
# Visual Studio Version 16
VisualStudioVersion = 16.0.29613.14
MinimumVisualStudioVersion = 10.0.40219.1
Project("{FAE04EC0-301F-11D3-BF4B-00C04F79EFBC}") = "ZetaCityLauncher", "ZetaCityLauncher\ZetaCityLauncher.csproj", "{F8FA7BD9-B5D3-4A2F-87D8-E530B9EBFCFE}"
EndProject
Global
	GlobalSection(SolutionConfigurationPlatforms) = preSolution
		Debug|Any CPU = Debug|Any CPU
		Release|Any CPU = Release|Any CPU
	EndGlobalSection
	GlobalSection(ProjectConfigurationPlatforms) = postSolution
		{F8FA7BD9-B5D3-4A2F-87D8-E530B9EBFCFE}.Debug|Any CPU.ActiveCfg = Debug|Any CPU
		{F8FA7BD9-B5D3-4A2F-87D8-E530B9EBFCFE}.Debug|Any CPU.Build.0 = Debug|Any CPU
		{F8FA7BD9-B5D3-4A2F-87D8-E530B9EBFCFE}.Release|Any CPU.ActiveCfg = Release|Any CPU
		{F8FA7BD9-B5D3-4A2F-87D8-E530B9EBFCFE}.Release|Any CPU.Build.0 = Release|Any CPU
	EndGlobalSection
	GlobalSection(SolutionProperties) = preSolution
		HideSolutionNode = FALSE
	EndGlobalSection
	GlobalSection(ExtensibilityGlobals) = postSolution
		SolutionGuid = {DBCC740A-35DF-4DF7-8D35-809BD747E753}
	EndGlobalSection
EndGlobal
